
Microsoft Visual Studio Solution File, Format Version 12.00
# Visual Studio Version 17
VisualStudioVersion = 17.8.34525.116
MinimumVisualStudioVersion = 10.0.40219.1
Project("{FAE04EC0-301F-11D3-BF4B-00C04F79EFBC}") = "DataEdgePracticeExample", "DataEdgePracticeExample\DataEdgePracticeExample.csproj", "{7E5BAE00-F466-45D0-BD9E-3937FEA4289A}"
EndProject
Global
	GlobalSection(SolutionConfigurationPlatforms) = preSolution
		Debug|Any CPU = Debug|Any CPU
		Release|Any CPU = Release|Any CPU
	EndGlobalSection
	GlobalSection(ProjectConfigurationPlatforms) = postSolution
		{7E5BAE00-F466-45D0-BD9E-3937FEA4289A}.Debug|Any CPU.ActiveCfg = Debug|Any CPU
		{7E5BAE00-F466-45D0-BD9E-3937FEA4289A}.Debug|Any CPU.Build.0 = Debug|Any CPU
		{7E5BAE00-F466-45D0-BD9E-3937FEA4289A}.Release|Any CPU.ActiveCfg = Release|Any CPU
		{7E5BAE00-F466-45D0-BD9E-3937FEA4289A}.Release|Any CPU.Build.0 = Release|Any CPU
	EndGlobalSection
	GlobalSection(SolutionProperties) = preSolution
		HideSolutionNode = FALSE
	EndGlobalSection
	GlobalSection(ExtensibilityGlobals) = postSolution
		SolutionGuid = {36C9C528-D061-4654-9FD8-878665A0526B}
	EndGlobalSection
EndGlobal
